
Microsoft Visual Studio Solution File, Format Version 12.00
# Visual Studio Version 16
VisualStudioVersion = 16.0.30011.22
MinimumVisualStudioVersion = 10.0.40219.1
Project("{9A19103F-16F7-4668-BE54-9A1E7A4F7556}") = "StaticLocalFunctions", "StaticLocalFunctions\StaticLocalFunctions.csproj", "{4FDEFE2B-68F7-400A-ADEE-46743108B6D1}"
EndProject
Project("{9A19103F-16F7-4668-BE54-9A1E7A4F7556}") = "DefaultInterfaceMethods", "DefaultInterfaceMethods\DefaultInterfaceMethods.csproj", "{67A35B37-E6B3-4826-A338-C5B59654F4A7}"
EndProject
Project("{9A19103F-16F7-4668-BE54-9A1E7A4F7556}") = "NumericLiteralSyntaxImprovements", "NumericLiteralSyntaxImprovements\NumericLiteralSyntaxImprovements.csproj", "{3786ADEF-0A44-4423-93A9-22C7535199A7}"
EndProject
Project("{9A19103F-16F7-4668-BE54-9A1E7A4F7556}") = "TupleTypes", "TupleTypes\TupleTypes.csproj", "{8258CFCE-03B8-4EB0-AF78-EAA7F88F4227}"
EndProject
Project("{9A19103F-16F7-4668-BE54-9A1E7A4F7556}") = "AsynchronousStreams", "AsynchronousStreams\AsynchronousStreams.csproj", "{4B90F64C-6005-45C4-86A0-DDCFD702D780}"
EndProject
Project("{9A19103F-16F7-4668-BE54-9A1E7A4F7556}") = "PatternMatching", "PatternMatching\PatternMatching.csproj", "{2EDA8274-2C25-4D94-8BE5-10B7AC7AABD4}"
EndProject
Project("{9A19103F-16F7-4668-BE54-9A1E7A4F7556}") = "PatternMatchingCsharp9", "PatternMatchingCsharp9\PatternMatchingCsharp9.csproj", "{5DCC0F83-15AF-4976-864C-1BC7792C33B3}"
EndProject
Project("{9A19103F-16F7-4668-BE54-9A1E7A4F7556}") = "RecordTypes", "RecordTypes\RecordTypes.csproj", "{2F8AF14F-3730-4C99-A94D-A3BEFA19DC2F}"
EndProject
Project("{9A19103F-16F7-4668-BE54-9A1E7A4F7556}") = "UsingStaticDirective", "UsingStaticDirective\UsingStaticDirective.csproj", "{19FF41DB-F82A-41EB-9983-A94EFEEFCA04}"
EndProject
Project("{9A19103F-16F7-4668-BE54-9A1E7A4F7556}") = "DynamicTypes", "DynamicTypes\DynamicTypes.csproj", "{6CD73786-9234-43C7-98FC-887AFEAB5C72}"
EndProject
Project("{9A19103F-16F7-4668-BE54-9A1E7A4F7556}") = "TargetTypedNewExpressions", "TargetTypedNewExpressions\TargetTypedNewExpressions.csproj", "{CCF8C8EC-1D11-40DF-B37C-6B2E57DDF452}"
EndProject
Project("{9A19103F-16F7-4668-BE54-9A1E7A4F7556}") = "AttributesOnLocalFunctions", "AttributesOnLocalFunctions\AttributesOnLocalFunctions.csproj", "{C137F4A8-4927-4637-A5B7-7D443ECC1C8A}"
EndProject
Project("{9A19103F-16F7-4668-BE54-9A1E7A4F7556}") = "TopLevelStatements", "TopLevelStatements\TopLevelStatements.csproj", "{03BB24FE-ACAB-44EA-AE0D-287B82C1992D}"
EndProject
Project("{9A19103F-16F7-4668-BE54-9A1E7A4F7556}") = "SourceGenerator", "SourceGenerator\SourceGenerator.csproj", "{362266A2-9787-48DF-B0BA-EF73880A9C84}"
EndProject
Project("{9A19103F-16F7-4668-BE54-9A1E7A4F7556}") = "SourceGenerator.Library", "SourceGenerator.Library\SourceGenerator.Library.csproj", "{A4956E1C-F7A0-4635-9B3E-24EA5D3F53E2}"
EndProject
Project("{9A19103F-16F7-4668-BE54-9A1E7A4F7556}") = "GlobalUsingDirective", "GlobalUsingDirective\GlobalUsingDirective.csproj", "{026652C9-9630-4C59-8DBB-87B4FD45C3EF}"
EndProject
Project("{9A19103F-16F7-4668-BE54-9A1E7A4F7556}") = "ImmutableCollections", "ImmutableCollections\ImmutableCollections.csproj", "{ADDC339E-B64F-4C8E-819B-3A3B75EC1F55}"
EndProject
Project("{9A19103F-16F7-4668-BE54-9A1E7A4F7556}") = "InParameterModifier", "InParameterModifier\InParameterModifier.csproj", "{6D97BA92-A128-4099-9670-7A4EA11DEF09}"
EndProject
Project("{9A19103F-16F7-4668-BE54-9A1E7A4F7556}") = "NullCoalescing", "NullCoalescing\NullCoalescing.csproj", "{F3121611-0B36-476A-A7D5-BB0F5332499A}"
EndProject
Project("{9A19103F-16F7-4668-BE54-9A1E7A4F7556}") = "GUIDsWithDifferentFormats", "GUIDsWithDifferentFormats\GUIDsWithDifferentFormats.csproj", "{8BE0FF56-34BC-4B76-B047-9C170046D0D8}"
EndProject
Project("{FAE04EC0-301F-11D3-BF4B-00C04F79EFBC}") = "CollectionInitializers", "CollectionInitializers\CollectionInitializers.csproj", "{161612CB-816F-4801-BD41-694B70787011}"
EndProject
Project("{FAE04EC0-301F-11D3-BF4B-00C04F79EFBC}") = "RawStringLiterals", "RawStringLiterals\RawStringLiterals.csproj", "{FD7A8C82-7A53-44E5-BC9B-1DB1FCD2A777}"
EndProject
Project("{FAE04EC0-301F-11D3-BF4B-00C04F79EFBC}") = "ListPatternsMatching", "ListPatternsMatching\ListPatternsMatching.csproj", "{30021480-7E9B-49B1-B2A7-03A3EA69407F}"
EndProject
Project("{FAE04EC0-301F-11D3-BF4B-00C04F79EFBC}") = "GenericAttributes", "GenericAttributes\GenericAttributes.csproj", "{737BBF2C-427C-4525-B8C6-87F6CBB74D6A}"
EndProject
Project("{FAE04EC0-301F-11D3-BF4B-00C04F79EFBC}") = "FileLocalTypes", "FileLocalTypes\FileLocalTypes.csproj", "{A932FE2C-18A5-4FDD-980E-40950A0694D8}"
EndProject
Project("{FAE04EC0-301F-11D3-BF4B-00C04F79EFBC}") = "StaticAbstractMembersInInterfaces", "StaticAbstractMembersInInterfaces\StaticAbstractMembersInInterfaces.csproj", "{64913A7B-C27B-4D73-BE50-03B7CC466162}"
EndProject
Project("{FAE04EC0-301F-11D3-BF4B-00C04F79EFBC}") = "PrimaryConstructors", "PrimaryConstructors\PrimaryConstructors.csproj", "{161EE9F6-1074-4FAE-A38F-9871EE5BEDBF}"
EndProject
Project("{FAE04EC0-301F-11D3-BF4B-00C04F79EFBC}") = "DefaultLambdaParameters", "DefaultLambdaParameters\DefaultLambdaParameters.csproj", "{14F8F02B-3066-408D-9330-25C54E49FD73}"
EndProject
Project("{FAE04EC0-301F-11D3-BF4B-00C04F79EFBC}") = "LocalFunctionsCsharp7", "LocalFunctionsCsharp7\LocalFunctionsCsharp7.csproj", "{4E00431D-E60B-4866-A78F-091048B911F8}"
EndProject
Project("{FAE04EC0-301F-11D3-BF4B-00C04F79EFBC}") = "ParamsCollections", "ParamsCollections\ParamsCollections.csproj", "{5676D9D9-B99F-4B18-B6C6-2C0353655B07}"
EndProject
Project("{FAE04EC0-301F-11D3-BF4B-00C04F79EFBC}") = "NewEscapeSequence", "NewEscapeSequence\NewEscapeSequence.csproj", "{0138AED7-CAB5-4DBB-AEDF-9D933041FA14}"
EndProject
Project("{FAE04EC0-301F-11D3-BF4B-00C04F79EFBC}") = "ExtensionTypesCsharp13", "ExtensionTypesCsharp13\ExtensionTypesCsharp13.csproj", "{0602BF99-2E7F-443B-BB8B-DBB869450FF9}"
EndProject
Project("{FAE04EC0-301F-11D3-BF4B-00C04F79EFBC}") = "TheLockStatement", "TheLockStatement\TheLockStatement.csproj", "{739A4E7D-E8B8-4B4A-A199-5C839C6D312C}"
EndProject
Project("{FAE04EC0-301F-11D3-BF4B-00C04F79EFBC}") = "UserDefinedConversionOperators", "UserDefinedConversionOperators\UserDefinedConversionOperators.csproj", "{CCD3ED3C-6C34-4F9E-A422-79479625FC75}"
EndProject
Project("{FAE04EC0-301F-11D3-BF4B-00C04F79EFBC}") = "MulticastDelegates", "MulticastDelegates\MulticastDelegates.csproj", "{CA03B883-1055-404B-920C-E52B8D3F4DB0}"
EndProject
Project("{FAE04EC0-301F-11D3-BF4B-00C04F79EFBC}") = "ArrayPool", "ArrayPool\ArrayPool.csproj", "{FDB639A1-C301-4C4C-955F-DE77A2517176}"
EndProject
Project("{FAE04EC0-301F-11D3-BF4B-00C04F79EFBC}") = "MemoryPool", "MemoryPool\MemoryPool.csproj", "{F1C093BB-C3D5-4ABF-B3EB-F05646C11638}"
EndProject
Project("{FAE04EC0-301F-11D3-BF4B-00C04F79EFBC}") = "DebuggerDisplay", "DebuggerDisplay\DebuggerDisplay.csproj", "{B4504215-25E4-4539-8024-C125196E13D8}"
EndProject
Project("{FAE04EC0-301F-11D3-BF4B-00C04F79EFBC}") = "NewLINQMethodsCsharp13", "NewLINQMethodsCsharp13\NewLINQMethodsCsharp13.csproj", "{92BC414C-5319-4A78-8821-CDB57A68CF97}"
EndProject
Global
	GlobalSection(SolutionConfigurationPlatforms) = preSolution
		Debug|Any CPU = Debug|Any CPU
		Release|Any CPU = Release|Any CPU
	EndGlobalSection
	GlobalSection(ProjectConfigurationPlatforms) = postSolution
		{4FDEFE2B-68F7-400A-ADEE-46743108B6D1}.Debug|Any CPU.ActiveCfg = Debug|Any CPU
		{4FDEFE2B-68F7-400A-ADEE-46743108B6D1}.Debug|Any CPU.Build.0 = Debug|Any CPU
		{4FDEFE2B-68F7-400A-ADEE-46743108B6D1}.Release|Any CPU.ActiveCfg = Release|Any CPU
		{4FDEFE2B-68F7-400A-ADEE-46743108B6D1}.Release|Any CPU.Build.0 = Release|Any CPU
		{67A35B37-E6B3-4826-A338-C5B59654F4A7}.Debug|Any CPU.ActiveCfg = Debug|Any CPU
		{67A35B37-E6B3-4826-A338-C5B59654F4A7}.Debug|Any CPU.Build.0 = Debug|Any CPU
		{67A35B37-E6B3-4826-A338-C5B59654F4A7}.Release|Any CPU.ActiveCfg = Release|Any CPU
		{67A35B37-E6B3-4826-A338-C5B59654F4A7}.Release|Any CPU.Build.0 = Release|Any CPU
		{3786ADEF-0A44-4423-93A9-22C7535199A7}.Debug|Any CPU.ActiveCfg = Debug|Any CPU
		{3786ADEF-0A44-4423-93A9-22C7535199A7}.Debug|Any CPU.Build.0 = Debug|Any CPU
		{3786ADEF-0A44-4423-93A9-22C7535199A7}.Release|Any CPU.ActiveCfg = Release|Any CPU
		{3786ADEF-0A44-4423-93A9-22C7535199A7}.Release|Any CPU.Build.0 = Release|Any CPU
		{8258CFCE-03B8-4EB0-AF78-EAA7F88F4227}.Debug|Any CPU.ActiveCfg = Debug|Any CPU
		{8258CFCE-03B8-4EB0-AF78-EAA7F88F4227}.Debug|Any CPU.Build.0 = Debug|Any CPU
		{8258CFCE-03B8-4EB0-AF78-EAA7F88F4227}.Release|Any CPU.ActiveCfg = Release|Any CPU
		{8258CFCE-03B8-4EB0-AF78-EAA7F88F4227}.Release|Any CPU.Build.0 = Release|Any CPU
		{4B90F64C-6005-45C4-86A0-DDCFD702D780}.Debug|Any CPU.ActiveCfg = Debug|Any CPU
		{4B90F64C-6005-45C4-86A0-DDCFD702D780}.Debug|Any CPU.Build.0 = Debug|Any CPU
		{4B90F64C-6005-45C4-86A0-DDCFD702D780}.Release|Any CPU.ActiveCfg = Release|Any CPU
		{4B90F64C-6005-45C4-86A0-DDCFD702D780}.Release|Any CPU.Build.0 = Release|Any CPU
		{2EDA8274-2C25-4D94-8BE5-10B7AC7AABD4}.Debug|Any CPU.ActiveCfg = Debug|Any CPU
		{2EDA8274-2C25-4D94-8BE5-10B7AC7AABD4}.Debug|Any CPU.Build.0 = Debug|Any CPU
		{2EDA8274-2C25-4D94-8BE5-10B7AC7AABD4}.Release|Any CPU.ActiveCfg = Release|Any CPU
		{2EDA8274-2C25-4D94-8BE5-10B7AC7AABD4}.Release|Any CPU.Build.0 = Release|Any CPU
		{5DCC0F83-15AF-4976-864C-1BC7792C33B3}.Debug|Any CPU.ActiveCfg = Debug|Any CPU
		{5DCC0F83-15AF-4976-864C-1BC7792C33B3}.Debug|Any CPU.Build.0 = Debug|Any CPU
		{5DCC0F83-15AF-4976-864C-1BC7792C33B3}.Release|Any CPU.ActiveCfg = Release|Any CPU
		{5DCC0F83-15AF-4976-864C-1BC7792C33B3}.Release|Any CPU.Build.0 = Release|Any CPU
		{2F8AF14F-3730-4C99-A94D-A3BEFA19DC2F}.Debug|Any CPU.ActiveCfg = Debug|Any CPU
		{2F8AF14F-3730-4C99-A94D-A3BEFA19DC2F}.Debug|Any CPU.Build.0 = Debug|Any CPU
		{2F8AF14F-3730-4C99-A94D-A3BEFA19DC2F}.Release|Any CPU.ActiveCfg = Release|Any CPU
		{2F8AF14F-3730-4C99-A94D-A3BEFA19DC2F}.Release|Any CPU.Build.0 = Release|Any CPU
		{19FF41DB-F82A-41EB-9983-A94EFEEFCA04}.Debug|Any CPU.ActiveCfg = Debug|Any CPU
		{19FF41DB-F82A-41EB-9983-A94EFEEFCA04}.Debug|Any CPU.Build.0 = Debug|Any CPU
		{19FF41DB-F82A-41EB-9983-A94EFEEFCA04}.Release|Any CPU.ActiveCfg = Release|Any CPU
		{19FF41DB-F82A-41EB-9983-A94EFEEFCA04}.Release|Any CPU.Build.0 = Release|Any CPU
		{6CD73786-9234-43C7-98FC-887AFEAB5C72}.Debug|Any CPU.ActiveCfg = Debug|Any CPU
		{6CD73786-9234-43C7-98FC-887AFEAB5C72}.Debug|Any CPU.Build.0 = Debug|Any CPU
		{6CD73786-9234-43C7-98FC-887AFEAB5C72}.Release|Any CPU.ActiveCfg = Release|Any CPU
		{6CD73786-9234-43C7-98FC-887AFEAB5C72}.Release|Any CPU.Build.0 = Release|Any CPU
		{CCF8C8EC-1D11-40DF-B37C-6B2E57DDF452}.Debug|Any CPU.ActiveCfg = Debug|Any CPU
		{CCF8C8EC-1D11-40DF-B37C-6B2E57DDF452}.Debug|Any CPU.Build.0 = Debug|Any CPU
		{CCF8C8EC-1D11-40DF-B37C-6B2E57DDF452}.Release|Any CPU.ActiveCfg = Release|Any CPU
		{CCF8C8EC-1D11-40DF-B37C-6B2E57DDF452}.Release|Any CPU.Build.0 = Release|Any CPU
		{C137F4A8-4927-4637-A5B7-7D443ECC1C8A}.Debug|Any CPU.ActiveCfg = Debug|Any CPU
		{C137F4A8-4927-4637-A5B7-7D443ECC1C8A}.Debug|Any CPU.Build.0 = Debug|Any CPU
		{C137F4A8-4927-4637-A5B7-7D443ECC1C8A}.Release|Any CPU.ActiveCfg = Release|Any CPU
		{C137F4A8-4927-4637-A5B7-7D443ECC1C8A}.Release|Any CPU.Build.0 = Release|Any CPU
		{03BB24FE-ACAB-44EA-AE0D-287B82C1992D}.Debug|Any CPU.ActiveCfg = Debug|Any CPU
		{03BB24FE-ACAB-44EA-AE0D-287B82C1992D}.Debug|Any CPU.Build.0 = Debug|Any CPU
		{03BB24FE-ACAB-44EA-AE0D-287B82C1992D}.Release|Any CPU.ActiveCfg = Release|Any CPU
		{03BB24FE-ACAB-44EA-AE0D-287B82C1992D}.Release|Any CPU.Build.0 = Release|Any CPU
		{362266A2-9787-48DF-B0BA-EF73880A9C84}.Debug|Any CPU.ActiveCfg = Debug|Any CPU
		{362266A2-9787-48DF-B0BA-EF73880A9C84}.Debug|Any CPU.Build.0 = Debug|Any CPU
		{362266A2-9787-48DF-B0BA-EF73880A9C84}.Release|Any CPU.ActiveCfg = Release|Any CPU
		{362266A2-9787-48DF-B0BA-EF73880A9C84}.Release|Any CPU.Build.0 = Release|Any CPU
		{A4956E1C-F7A0-4635-9B3E-24EA5D3F53E2}.Debug|Any CPU.ActiveCfg = Debug|Any CPU
		{A4956E1C-F7A0-4635-9B3E-24EA5D3F53E2}.Debug|Any CPU.Build.0 = Debug|Any CPU
		{A4956E1C-F7A0-4635-9B3E-24EA5D3F53E2}.Release|Any CPU.ActiveCfg = Release|Any CPU
		{A4956E1C-F7A0-4635-9B3E-24EA5D3F53E2}.Release|Any CPU.Build.0 = Release|Any CPU
		{026652C9-9630-4C59-8DBB-87B4FD45C3EF}.Debug|Any CPU.ActiveCfg = Debug|Any CPU
		{026652C9-9630-4C59-8DBB-87B4FD45C3EF}.Debug|Any CPU.Build.0 = Debug|Any CPU
		{026652C9-9630-4C59-8DBB-87B4FD45C3EF}.Release|Any CPU.ActiveCfg = Release|Any CPU
		{026652C9-9630-4C59-8DBB-87B4FD45C3EF}.Release|Any CPU.Build.0 = Release|Any CPU
		{ADDC339E-B64F-4C8E-819B-3A3B75EC1F55}.Debug|Any CPU.ActiveCfg = Debug|Any CPU
		{ADDC339E-B64F-4C8E-819B-3A3B75EC1F55}.Debug|Any CPU.Build.0 = Debug|Any CPU
		{ADDC339E-B64F-4C8E-819B-3A3B75EC1F55}.Release|Any CPU.ActiveCfg = Release|Any CPU
		{ADDC339E-B64F-4C8E-819B-3A3B75EC1F55}.Release|Any CPU.Build.0 = Release|Any CPU
		{6D97BA92-A128-4099-9670-7A4EA11DEF09}.Debug|Any CPU.ActiveCfg = Debug|Any CPU
		{6D97BA92-A128-4099-9670-7A4EA11DEF09}.Debug|Any CPU.Build.0 = Debug|Any CPU
		{6D97BA92-A128-4099-9670-7A4EA11DEF09}.Release|Any CPU.ActiveCfg = Release|Any CPU
		{6D97BA92-A128-4099-9670-7A4EA11DEF09}.Release|Any CPU.Build.0 = Release|Any CPU
		{F3121611-0B36-476A-A7D5-BB0F5332499A}.Debug|Any CPU.ActiveCfg = Debug|Any CPU
		{F3121611-0B36-476A-A7D5-BB0F5332499A}.Debug|Any CPU.Build.0 = Debug|Any CPU
		{F3121611-0B36-476A-A7D5-BB0F5332499A}.Release|Any CPU.ActiveCfg = Release|Any CPU
		{F3121611-0B36-476A-A7D5-BB0F5332499A}.Release|Any CPU.Build.0 = Release|Any CPU
		{8BE0FF56-34BC-4B76-B047-9C170046D0D8}.Debug|Any CPU.ActiveCfg = Debug|Any CPU
		{8BE0FF56-34BC-4B76-B047-9C170046D0D8}.Debug|Any CPU.Build.0 = Debug|Any CPU
		{8BE0FF56-34BC-4B76-B047-9C170046D0D8}.Release|Any CPU.ActiveCfg = Release|Any CPU
		{8BE0FF56-34BC-4B76-B047-9C170046D0D8}.Release|Any CPU.Build.0 = Release|Any CPU
		{161612CB-816F-4801-BD41-694B70787011}.Debug|Any CPU.ActiveCfg = Debug|Any CPU
		{161612CB-816F-4801-BD41-694B70787011}.Debug|Any CPU.Build.0 = Debug|Any CPU
		{161612CB-816F-4801-BD41-694B70787011}.Release|Any CPU.ActiveCfg = Release|Any CPU
		{161612CB-816F-4801-BD41-694B70787011}.Release|Any CPU.Build.0 = Release|Any CPU
		{FD7A8C82-7A53-44E5-BC9B-1DB1FCD2A777}.Debug|Any CPU.ActiveCfg = Debug|Any CPU
		{FD7A8C82-7A53-44E5-BC9B-1DB1FCD2A777}.Debug|Any CPU.Build.0 = Debug|Any CPU
		{FD7A8C82-7A53-44E5-BC9B-1DB1FCD2A777}.Release|Any CPU.ActiveCfg = Release|Any CPU
		{FD7A8C82-7A53-44E5-BC9B-1DB1FCD2A777}.Release|Any CPU.Build.0 = Release|Any CPU
		{30021480-7E9B-49B1-B2A7-03A3EA69407F}.Debug|Any CPU.ActiveCfg = Debug|Any CPU
		{30021480-7E9B-49B1-B2A7-03A3EA69407F}.Debug|Any CPU.Build.0 = Debug|Any CPU
		{30021480-7E9B-49B1-B2A7-03A3EA69407F}.Release|Any CPU.ActiveCfg = Release|Any CPU
		{30021480-7E9B-49B1-B2A7-03A3EA69407F}.Release|Any CPU.Build.0 = Release|Any CPU
		{737BBF2C-427C-4525-B8C6-87F6CBB74D6A}.Debug|Any CPU.ActiveCfg = Debug|Any CPU
		{737BBF2C-427C-4525-B8C6-87F6CBB74D6A}.Debug|Any CPU.Build.0 = Debug|Any CPU
		{737BBF2C-427C-4525-B8C6-87F6CBB74D6A}.Release|Any CPU.ActiveCfg = Release|Any CPU
		{737BBF2C-427C-4525-B8C6-87F6CBB74D6A}.Release|Any CPU.Build.0 = Release|Any CPU
		{A932FE2C-18A5-4FDD-980E-40950A0694D8}.Debug|Any CPU.ActiveCfg = Debug|Any CPU
		{A932FE2C-18A5-4FDD-980E-40950A0694D8}.Debug|Any CPU.Build.0 = Debug|Any CPU
		{A932FE2C-18A5-4FDD-980E-40950A0694D8}.Release|Any CPU.ActiveCfg = Release|Any CPU
		{A932FE2C-18A5-4FDD-980E-40950A0694D8}.Release|Any CPU.Build.0 = Release|Any CPU
		{64913A7B-C27B-4D73-BE50-03B7CC466162}.Debug|Any CPU.ActiveCfg = Debug|Any CPU
		{64913A7B-C27B-4D73-BE50-03B7CC466162}.Debug|Any CPU.Build.0 = Debug|Any CPU
		{64913A7B-C27B-4D73-BE50-03B7CC466162}.Release|Any CPU.ActiveCfg = Release|Any CPU
		{64913A7B-C27B-4D73-BE50-03B7CC466162}.Release|Any CPU.Build.0 = Release|Any CPU
		{161EE9F6-1074-4FAE-A38F-9871EE5BEDBF}.Debug|Any CPU.ActiveCfg = Debug|Any CPU
		{161EE9F6-1074-4FAE-A38F-9871EE5BEDBF}.Debug|Any CPU.Build.0 = Debug|Any CPU
		{161EE9F6-1074-4FAE-A38F-9871EE5BEDBF}.Release|Any CPU.ActiveCfg = Release|Any CPU
		{161EE9F6-1074-4FAE-A38F-9871EE5BEDBF}.Release|Any CPU.Build.0 = Release|Any CPU
		{14F8F02B-3066-408D-9330-25C54E49FD73}.Debug|Any CPU.ActiveCfg = Debug|Any CPU
		{14F8F02B-3066-408D-9330-25C54E49FD73}.Debug|Any CPU.Build.0 = Debug|Any CPU
		{14F8F02B-3066-408D-9330-25C54E49FD73}.Release|Any CPU.ActiveCfg = Release|Any CPU
		{14F8F02B-3066-408D-9330-25C54E49FD73}.Release|Any CPU.Build.0 = Release|Any CPU
		{4E00431D-E60B-4866-A78F-091048B911F8}.Debug|Any CPU.ActiveCfg = Debug|Any CPU
		{4E00431D-E60B-4866-A78F-091048B911F8}.Debug|Any CPU.Build.0 = Debug|Any CPU
		{4E00431D-E60B-4866-A78F-091048B911F8}.Release|Any CPU.ActiveCfg = Release|Any CPU
		{4E00431D-E60B-4866-A78F-091048B911F8}.Release|Any CPU.Build.0 = Release|Any CPU
		{5676D9D9-B99F-4B18-B6C6-2C0353655B07}.Debug|Any CPU.ActiveCfg = Debug|Any CPU
		{5676D9D9-B99F-4B18-B6C6-2C0353655B07}.Debug|Any CPU.Build.0 = Debug|Any CPU
		{5676D9D9-B99F-4B18-B6C6-2C0353655B07}.Release|Any CPU.ActiveCfg = Release|Any CPU
		{5676D9D9-B99F-4B18-B6C6-2C0353655B07}.Release|Any CPU.Build.0 = Release|Any CPU
		{0138AED7-CAB5-4DBB-AEDF-9D933041FA14}.Debug|Any CPU.ActiveCfg = Debug|Any CPU
		{0138AED7-CAB5-4DBB-AEDF-9D933041FA14}.Debug|Any CPU.Build.0 = Debug|Any CPU
		{0138AED7-CAB5-4DBB-AEDF-9D933041FA14}.Release|Any CPU.ActiveCfg = Release|Any CPU
		{0138AED7-CAB5-4DBB-AEDF-9D933041FA14}.Release|Any CPU.Build.0 = Release|Any CPU
		{0602BF99-2E7F-443B-BB8B-DBB869450FF9}.Debug|Any CPU.ActiveCfg = Debug|Any CPU
		{0602BF99-2E7F-443B-BB8B-DBB869450FF9}.Debug|Any CPU.Build.0 = Debug|Any CPU
		{0602BF99-2E7F-443B-BB8B-DBB869450FF9}.Release|Any CPU.ActiveCfg = Release|Any CPU
		{0602BF99-2E7F-443B-BB8B-DBB869450FF9}.Release|Any CPU.Build.0 = Release|Any CPU
		{739A4E7D-E8B8-4B4A-A199-5C839C6D312C}.Debug|Any CPU.ActiveCfg = Debug|Any CPU
		{739A4E7D-E8B8-4B4A-A199-5C839C6D312C}.Debug|Any CPU.Build.0 = Debug|Any CPU
		{739A4E7D-E8B8-4B4A-A199-5C839C6D312C}.Release|Any CPU.ActiveCfg = Release|Any CPU
		{739A4E7D-E8B8-4B4A-A199-5C839C6D312C}.Release|Any CPU.Build.0 = Release|Any CPU
		{CCD3ED3C-6C34-4F9E-A422-79479625FC75}.Debug|Any CPU.ActiveCfg = Debug|Any CPU
		{CCD3ED3C-6C34-4F9E-A422-79479625FC75}.Debug|Any CPU.Build.0 = Debug|Any CPU
		{CCD3ED3C-6C34-4F9E-A422-79479625FC75}.Release|Any CPU.ActiveCfg = Release|Any CPU
		{CCD3ED3C-6C34-4F9E-A422-79479625FC75}.Release|Any CPU.Build.0 = Release|Any CPU
		{CA03B883-1055-404B-920C-E52B8D3F4DB0}.Debug|Any CPU.ActiveCfg = Debug|Any CPU
		{CA03B883-1055-404B-920C-E52B8D3F4DB0}.Debug|Any CPU.Build.0 = Debug|Any CPU
		{CA03B883-1055-404B-920C-E52B8D3F4DB0}.Release|Any CPU.ActiveCfg = Release|Any CPU
		{CA03B883-1055-404B-920C-E52B8D3F4DB0}.Release|Any CPU.Build.0 = Release|Any CPU
		{FDB639A1-C301-4C4C-955F-DE77A2517176}.Debug|Any CPU.ActiveCfg = Debug|Any CPU
		{FDB639A1-C301-4C4C-955F-DE77A2517176}.Debug|Any CPU.Build.0 = Debug|Any CPU
		{FDB639A1-C301-4C4C-955F-DE77A2517176}.Release|Any CPU.ActiveCfg = Release|Any CPU
		{FDB639A1-C301-4C4C-955F-DE77A2517176}.Release|Any CPU.Build.0 = Release|Any CPU
		{F1C093BB-C3D5-4ABF-B3EB-F05646C11638}.Debug|Any CPU.ActiveCfg = Debug|Any CPU
		{F1C093BB-C3D5-4ABF-B3EB-F05646C11638}.Debug|Any CPU.Build.0 = Debug|Any CPU
		{F1C093BB-C3D5-4ABF-B3EB-F05646C11638}.Release|Any CPU.ActiveCfg = Release|Any CPU
		{F1C093BB-C3D5-4ABF-B3EB-F05646C11638}.Release|Any CPU.Build.0 = Release|Any CPU
		{B4504215-25E4-4539-8024-C125196E13D8}.Debug|Any CPU.ActiveCfg = Debug|Any CPU
		{B4504215-25E4-4539-8024-C125196E13D8}.Debug|Any CPU.Build.0 = Debug|Any CPU
		{B4504215-25E4-4539-8024-C125196E13D8}.Release|Any CPU.ActiveCfg = Release|Any CPU
		{B4504215-25E4-4539-8024-C125196E13D8}.Release|Any CPU.Build.0 = Release|Any CPU
		{92BC414C-5319-4A78-8821-CDB57A68CF97}.Debug|Any CPU.ActiveCfg = Debug|Any CPU
		{92BC414C-5319-4A78-8821-CDB57A68CF97}.Debug|Any CPU.Build.0 = Debug|Any CPU
		{92BC414C-5319-4A78-8821-CDB57A68CF97}.Release|Any CPU.ActiveCfg = Release|Any CPU
		{92BC414C-5319-4A78-8821-CDB57A68CF97}.Release|Any CPU.Build.0 = Release|Any CPU
	EndGlobalSection
	GlobalSection(SolutionProperties) = preSolution
		HideSolutionNode = FALSE
	EndGlobalSection
	GlobalSection(ExtensibilityGlobals) = postSolution
		SolutionGuid = {A7F212DA-5C27-4898-84D7-BBB38B4C9FFF}
	EndGlobalSection
EndGlobal
